
Microsoft Visual Studio Solution File, Format Version 12.00
# Visual Studio Version 17
VisualStudioVersion = 17.13.35825.156
MinimumVisualStudioVersion = 10.0.40219.1
Project("{FAE04EC0-301F-11D3-BF4B-00C04F79EFBC}") = "FlashMedia", "FlashMedia.csproj", "{C735F952-BB57-4DA8-A006-6EA6874CB5D7}"
EndProject
Global
	GlobalSection(SolutionConfigurationPlatforms) = preSolution
		Debug|Any CPU = Debug|Any CPU
		Release|Any CPU = Release|Any CPU
	EndGlobalSection
	GlobalSection(ProjectConfigurationPlatforms) = postSolution
		{C735F952-BB57-4DA8-A006-6EA6874CB5D7}.Debug|Any CPU.ActiveCfg = Debug|Any CPU
		{C735F952-BB57-4DA8-A006-6EA6874CB5D7}.Debug|Any CPU.Build.0 = Debug|Any CPU
		{C735F952-BB57-4DA8-A006-6EA6874CB5D7}.Release|Any CPU.ActiveCfg = Release|Any CPU
		{C735F952-BB57-4DA8-A006-6EA6874CB5D7}.Release|Any CPU.Build.0 = Release|Any CPU
	EndGlobalSection
	GlobalSection(SolutionProperties) = preSolution
		HideSolutionNode = FALSE
	EndGlobalSection
	GlobalSection(ExtensibilityGlobals) = postSolution
		SolutionGuid = {622D99C4-4182-4841-80D4-3D4C5B21190F}
	EndGlobalSection
EndGlobal
